Microsoft Visual Studio Solution File, Format Version 11.00
# Visual Studio 2008

Project("{E17F66FA-0DF1-D33A-C12F-A740D0C64F52}") = "PCSS Project v4", "Assembly-CSharp.csproj", "{6B964104-7135-1AF2-D1B0-83810E0E0DE2}"
EndProject
Global
	GlobalSection(SolutionConfigurationPlatforms) = preSolution
		Debug|Any CPU = Debug|Any CPU
		Release|Any CPU = Release|Any CPU
	EndGlobalSection
	GlobalSection(ProjectConfigurationPlatforms) = postSolution
		{6B964104-7135-1AF2-D1B0-83810E0E0DE2}.Debug|Any CPU.ActiveCfg = Debug|Any CPU
		{6B964104-7135-1AF2-D1B0-83810E0E0DE2}.Debug|Any CPU.Build.0 = Debug|Any CPU
		{6B964104-7135-1AF2-D1B0-83810E0E0DE2}.Release|Any CPU.ActiveCfg = Release|Any CPU
		{6B964104-7135-1AF2-D1B0-83810E0E0DE2}.Release|Any CPU.Build.0 = Release|Any CPU
	EndGlobalSection
	GlobalSection(SolutionProperties) = preSolution
		HideSolutionNode = FALSE
	EndGlobalSection
	GlobalSection(MonoDevelopProperties) = preSolution
		StartupItem = Assembly-CSharp.csproj
	EndGlobalSection
EndGlobal
