
Microsoft Visual Studio Solution File, Format Version 12.00
# Visual Studio 2015
Project("{FAE04EC0-301F-11D3-BF4B-00C04F79EFBC}") = "PCSS_Project_Master_Ipperxd0112.CSharp", "PCSS_Project_Master_Ipperxd0112.CSharp.csproj", "{3FABF54F-85E6-56D2-1539-72CFA7E2D52E}"
EndProject
Global
	GlobalSection(SolutionConfigurationPlatforms) = preSolution
		Debug|Any CPU = Debug|Any CPU
		Release|Any CPU = Release|Any CPU
	EndGlobalSection
	GlobalSection(ProjectConfigurationPlatforms) = postSolution
		{3FABF54F-85E6-56D2-1539-72CFA7E2D52E}.Debug|Any CPU.ActiveCfg = Debug|Any CPU
		{3FABF54F-85E6-56D2-1539-72CFA7E2D52E}.Debug|Any CPU.Build.0 = Debug|Any CPU
		{3FABF54F-85E6-56D2-1539-72CFA7E2D52E}.Release|Any CPU.ActiveCfg = Release|Any CPU
		{3FABF54F-85E6-56D2-1539-72CFA7E2D52E}.Release|Any CPU.Build.0 = Release|Any CPU
	EndGlobalSection
	GlobalSection(SolutionProperties) = preSolution
		HideSolutionNode = FALSE
	EndGlobalSection
EndGlobal
