Microsoft Visual Studio Solution File, Format Version 11.00
# Visual Studio 2008

Project("{CC91A583-438B-5040-6F34-EEA58EA5970B}") = "PCSS_Project_Master_Tobyster2911", "Assembly-CSharp.csproj", "{8F0F3AC9-EB8D-AF11-F48B-A4AC38371E44}"
EndProject
Global
	GlobalSection(SolutionConfigurationPlatforms) = preSolution
		Debug|Any CPU = Debug|Any CPU
		Release|Any CPU = Release|Any CPU
	EndGlobalSection
	GlobalSection(ProjectConfigurationPlatforms) = postSolution
		{8F0F3AC9-EB8D-AF11-F48B-A4AC38371E44}.Debug|Any CPU.ActiveCfg = Debug|Any CPU
		{8F0F3AC9-EB8D-AF11-F48B-A4AC38371E44}.Debug|Any CPU.Build.0 = Debug|Any CPU
		{8F0F3AC9-EB8D-AF11-F48B-A4AC38371E44}.Release|Any CPU.ActiveCfg = Release|Any CPU
		{8F0F3AC9-EB8D-AF11-F48B-A4AC38371E44}.Release|Any CPU.Build.0 = Release|Any CPU
	EndGlobalSection
	GlobalSection(SolutionProperties) = preSolution
		HideSolutionNode = FALSE
	EndGlobalSection
	GlobalSection(MonoDevelopProperties) = preSolution
		StartupItem = Assembly-CSharp.csproj
	EndGlobalSection
EndGlobal
