
Microsoft Visual Studio Solution File, Format Version 12.00
# Visual Studio 15
VisualStudioVersion = 15.0.26730.12
MinimumVisualStudioVersion = 10.0.40219.1
Project("{8BC9CEB8-8B4A-11D0-8D11-00A0C91BC942}") = "Sockets_TCP_SERVER", "Networking Project\Networking Project.vcxproj", "{CED0843D-F819-4986-8BD0-D2025F8EAEB2}"
EndProject
Project("{8BC9CEB8-8B4A-11D0-8D11-00A0C91BC942}") = "Sockets_TCP_CLIENT", "Project1\Project1.vcxproj", "{128099A4-C79C-49AA-BC60-7551E85C85E3}"
EndProject
Global
	GlobalSection(SolutionConfigurationPlatforms) = preSolution
		Debug|x64 = Debug|x64
		Debug|x86 = Debug|x86
		Release|x64 = Release|x64
		Release|x86 = Release|x86
	EndGlobalSection
	GlobalSection(ProjectConfigurationPlatforms) = postSolution
		{CED0843D-F819-4986-8BD0-D2025F8EAEB2}.Debug|x64.ActiveCfg = Debug|x64
		{CED0843D-F819-4986-8BD0-D2025F8EAEB2}.Debug|x64.Build.0 = Debug|x64
		{CED0843D-F819-4986-8BD0-D2025F8EAEB2}.Debug|x86.ActiveCfg = Debug|Win32
		{CED0843D-F819-4986-8BD0-D2025F8EAEB2}.Debug|x86.Build.0 = Debug|Win32
		{CED0843D-F819-4986-8BD0-D2025F8EAEB2}.Release|x64.ActiveCfg = Release|x64
		{CED0843D-F819-4986-8BD0-D2025F8EAEB2}.Release|x64.Build.0 = Release|x64
		{CED0843D-F819-4986-8BD0-D2025F8EAEB2}.Release|x86.ActiveCfg = Release|Win32
		{CED0843D-F819-4986-8BD0-D2025F8EAEB2}.Release|x86.Build.0 = Release|Win32
		{128099A4-C79C-49AA-BC60-7551E85C85E3}.Debug|x64.ActiveCfg = Debug|x64
		{128099A4-C79C-49AA-BC60-7551E85C85E3}.Debug|x64.Build.0 = Debug|x64
		{128099A4-C79C-49AA-BC60-7551E85C85E3}.Debug|x86.ActiveCfg = Debug|Win32
		{128099A4-C79C-49AA-BC60-7551E85C85E3}.Debug|x86.Build.0 = Debug|Win32
		{128099A4-C79C-49AA-BC60-7551E85C85E3}.Release|x64.ActiveCfg = Release|x64
		{128099A4-C79C-49AA-BC60-7551E85C85E3}.Release|x64.Build.0 = Release|x64
		{128099A4-C79C-49AA-BC60-7551E85C85E3}.Release|x86.ActiveCfg = Release|Win32
		{128099A4-C79C-49AA-BC60-7551E85C85E3}.Release|x86.Build.0 = Release|Win32
	EndGlobalSection
	GlobalSection(SolutionProperties) = preSolution
		HideSolutionNode = FALSE
	EndGlobalSection
	GlobalSection(ExtensibilityGlobals) = postSolution
		SolutionGuid = {9E7696EC-1A6C-4770-AA1E-FCE4E393DC07}
	EndGlobalSection
EndGlobal
