Microsoft Visual Studio Solution File, Format Version 11.00
# Visual Studio 2008

Project("{923D0A54-CE6C-0AF5-280D-433A2E95399D}") = "PCSS Project v2 exp", "Assembly-CSharp.csproj", "{F49C8EA8-C0E1-73EA-89C3-7F8946E822E5}"
EndProject
Global
	GlobalSection(SolutionConfigurationPlatforms) = preSolution
		Debug|Any CPU = Debug|Any CPU
		Release|Any CPU = Release|Any CPU
	EndGlobalSection
	GlobalSection(ProjectConfigurationPlatforms) = postSolution
		{F49C8EA8-C0E1-73EA-89C3-7F8946E822E5}.Debug|Any CPU.ActiveCfg = Debug|Any CPU
		{F49C8EA8-C0E1-73EA-89C3-7F8946E822E5}.Debug|Any CPU.Build.0 = Debug|Any CPU
		{F49C8EA8-C0E1-73EA-89C3-7F8946E822E5}.Release|Any CPU.ActiveCfg = Release|Any CPU
		{F49C8EA8-C0E1-73EA-89C3-7F8946E822E5}.Release|Any CPU.Build.0 = Release|Any CPU
	EndGlobalSection
	GlobalSection(SolutionProperties) = preSolution
		HideSolutionNode = FALSE
	EndGlobalSection
	GlobalSection(MonoDevelopProperties) = preSolution
		StartupItem = Assembly-CSharp.csproj
	EndGlobalSection
EndGlobal
