
Microsoft Visual Studio Solution File, Format Version 12.00
# Visual Studio 2015
Project("{FAE04EC0-301F-11D3-BF4B-00C04F79EFBC}") = "PCSS_Project_Master.CSharp", "PCSS_Project_Master.CSharp.csproj", "{5743532A-4D07-8ADC-822E-01002948AC21}"
EndProject
Global
	GlobalSection(SolutionConfigurationPlatforms) = preSolution
		Debug|Any CPU = Debug|Any CPU
		Release|Any CPU = Release|Any CPU
	EndGlobalSection
	GlobalSection(ProjectConfigurationPlatforms) = postSolution
		{5743532A-4D07-8ADC-822E-01002948AC21}.Debug|Any CPU.ActiveCfg = Debug|Any CPU
		{5743532A-4D07-8ADC-822E-01002948AC21}.Debug|Any CPU.Build.0 = Debug|Any CPU
		{5743532A-4D07-8ADC-822E-01002948AC21}.Release|Any CPU.ActiveCfg = Release|Any CPU
		{5743532A-4D07-8ADC-822E-01002948AC21}.Release|Any CPU.Build.0 = Release|Any CPU
	EndGlobalSection
	GlobalSection(SolutionProperties) = preSolution
		HideSolutionNode = FALSE
	EndGlobalSection
EndGlobal
